# This file is generated by running "yarn install" inside your project.
# Manual changes might be lost - proceed with caution!

__metadata:
  version: 8
  cacheKey: 10c0

"isarray@npm:0.0.1":
  version: 0.0.1
  resolution: "isarray@npm:0.0.1"
  checksum: 10c0/ed1e62da617f71fe348907c71743b5ed550448b455f8d269f89a7c7ddb8ae6e962de3dab6a74a237b06f5eb7f6ece7a45ada8ce96d87fe972926530f91ae3311
  languageName: node
  linkType: hard

"path-to-regexp@npm:1.9.0":
  version: 1.9.0
  resolution: "path-to-regexp@npm:1.9.0"
  dependencies:
    isarray: "npm:0.0.1"
  checksum: 10c0/de9ddb01b84d9c2c8e2bed18630d8d039e2d6f60a6538595750fa08c7a6482512257464c8da50616f266ab2cdd2428387e85f3b089e4c3f25d0c537e898a0751
  languageName: node
  linkType: hard

"pnp@workspace:.":
  version: 0.0.0-use.local
  resolution: "pnp@workspace:."
  dependencies:
    path-to-regexp: "npm:1.9.0"
  languageName: unknown
  linkType: soft
